
Microsoft Visual Studio Solution File, Format Version 12.00
# Visual Studio 14
VisualStudioVersion = 14.0.25123.0
MinimumVisualStudioVersion = 10.0.40219.1
Project("{FAE04EC0-301F-11D3-BF4B-00C04F79EFBC}") = "C4", "C4\C4.csproj", "{476967F5-F66A-47A6-BF81-E84FE101AAEE}"
EndProject
Project("{FAE04EC0-301F-11D3-BF4B-00C04F79EFBC}") = "C_help_1", "..\C_help_1\C_help_1\C_help_1.csproj", "{615909F0-202F-4D3B-927E-4D25D3F6775F}"
EndProject
Global
	GlobalSection(SolutionConfigurationPlatforms) = preSolution
		Debug|Any CPU = Debug|Any CPU
		Release|Any CPU = Release|Any CPU
	EndGlobalSection
	GlobalSection(ProjectConfigurationPlatforms) = postSolution
		{476967F5-F66A-47A6-BF81-E84FE101AAEE}.Debug|Any CPU.ActiveCfg = Debug|Any CPU
		{476967F5-F66A-47A6-BF81-E84FE101AAEE}.Debug|Any CPU.Build.0 = Debug|Any CPU
		{476967F5-F66A-47A6-BF81-E84FE101AAEE}.Release|Any CPU.ActiveCfg = Release|Any CPU
		{476967F5-F66A-47A6-BF81-E84FE101AAEE}.Release|Any CPU.Build.0 = Release|Any CPU
		{615909F0-202F-4D3B-927E-4D25D3F6775F}.Debug|Any CPU.ActiveCfg = Debug|Any CPU
		{615909F0-202F-4D3B-927E-4D25D3F6775F}.Debug|Any CPU.Build.0 = Debug|Any CPU
		{615909F0-202F-4D3B-927E-4D25D3F6775F}.Release|Any CPU.ActiveCfg = Release|Any CPU
		{615909F0-202F-4D3B-927E-4D25D3F6775F}.Release|Any CPU.Build.0 = Release|Any CPU
	EndGlobalSection
	GlobalSection(SolutionProperties) = preSolution
		HideSolutionNode = FALSE
	EndGlobalSection
EndGlobal
